// !$*UTF8*$!
{
	archiveVersion = 1;
	classes = {
	};
	objectVersion = 48;
	objects = {

/* Begin PBXBuildFile section */
		2C4BCEE52054974500F9E30F /* StatusDetailViewController.swift in Sources */ = {isa = PBXBuildFile; fileRef = 2C4BCEE42054974500F9E30F /* StatusDetailViewController.swift */; };
		2CE88B812050FF7C004CC735 /* StatusViewController.swift in Sources */ = {isa = PBXBuildFile; fileRef = 2CE88B7C2050FF7C004CC735 /* StatusViewController.swift */; };
		2CE88B822050FF7C004CC735 /* StatusTableViewCell.swift in Sources */ = {isa = PBXBuildFile; fileRef = 2CE88B7D2050FF7C004CC735 /* StatusTableViewCell.swift */; };
		2CE88B832050FF7C004CC735 /* AddItemViewController.swift in Sources */ = {isa = PBXBuildFile; fileRef = 2CE88B7E2050FF7C004CC735 /* AddItemViewController.swift */; };
		2CE88B842050FF7C004CC735 /* Main.storyboard in Resources */ = {isa = PBXBuildFile; fileRef = 2CE88B7F2050FF7C004CC735 /* Main.storyboard */; };
		2CE88B852050FF7C004CC735 /* ItemDetailViewController.swift in Sources */ = {isa = PBXBuildFile; fileRef = 2CE88B802050FF7C004CC735 /* ItemDetailViewController.swift */; };
		95316D4B20534D79005DE892 /* Trip.m in Sources */ = {isa = PBXBuildFile; fileRef = 95316D4A20534D79005DE892 /* Trip.m */; };
		95316D4E20534DBA005DE892 /* Meal.m in Sources */ = {isa = PBXBuildFile; fileRef = 95316D4D20534DBA005DE892 /* Meal.m */; };
		95316D5120534DEC005DE892 /* LedgerLine.m in Sources */ = {isa = PBXBuildFile; fileRef = 95316D5020534DEC005DE892 /* LedgerLine.m */; };
		958AFF642052042500BE686D /* DataModelTests.m in Sources */ = {isa = PBXBuildFile; fileRef = 958AFF632052042500BE686D /* DataModelTests.m */; };
		95920E922055D67400CF8ED2 /* CurrencyManager.m in Sources */ = {isa = PBXBuildFile; fileRef = 95920E912055D67400CF8ED2 /* CurrencyManager.m */; };
		95920E952055F26D00CF8ED2 /* ConversionRate.m in Sources */ = {isa = PBXBuildFile; fileRef = 95920E942055F26D00CF8ED2 /* ConversionRate.m */; };
		95B427DE2050C67300BAC5F4 /* Buddy.m in Sources */ = {isa = PBXBuildFile; fileRef = 95B427D92050C67200BAC5F4 /* Buddy.m */; };
		D8B8AD962056081B00FE9573 /* SettingsViewController.swift in Sources */ = {isa = PBXBuildFile; fileRef = D8B8AD952056081B00FE9573 /* SettingsViewController.swift */; };
		D8BC727C20566C2400E63D08 /* CurrencyTableViewCell.swift in Sources */ = {isa = PBXBuildFile; fileRef = D8BC727B20566C2400E63D08 /* CurrencyTableViewCell.swift */; };
		D8BC727E20566C4300E63D08 /* CurrencyTableViewController.swift in Sources */ = {isa = PBXBuildFile; fileRef = D8BC727D20566C4300E63D08 /* CurrencyTableViewController.swift */; };
		D8C20FCE2050BDC400486D7C /* AppDelegate.swift in Sources */ = {isa = PBXBuildFile; fileRef = D8C20FCD2050BDC400486D7C /* AppDelegate.swift */; };
		D8C20FD52050BDC400486D7C /* Assets.xcassets in Resources */ = {isa = PBXBuildFile; fileRef = D8C20FD42050BDC400486D7C /* Assets.xcassets */; };
		D8C20FD82050BDC400486D7C /* LaunchScreen.storyboard in Resources */ = {isa = PBXBuildFile; fileRef = D8C20FD62050BDC400486D7C /* LaunchScreen.storyboard */; };
		D8E62F412050F4A6009C8468 /* TripManager.swift in Sources */ = {isa = PBXBuildFile; fileRef = D8E62F402050F4A6009C8468 /* TripManager.swift */; };
		F4C71EB0FCC29AE7C67FE898 /* libPods-Payee.a in Frameworks */ = {isa = PBXBuildFile; fileRef = 00C47F8646C6A60177F83218 /* libPods-Payee.a */; };
/* End PBXBuildFile section */

/* Begin PBXContainerItemProxy section */
		958AFF662052042500BE686D /* PBXContainerItemProxy */ = {
			isa = PBXContainerItemProxy;
			containerPortal = D8C20FC22050BDC400486D7C /* Project object */;
			proxyType = 1;
			remoteGlobalIDString = D8C20FC92050BDC400486D7C;
			remoteInfo = Payee;
		};
/* End PBXContainerItemProxy section */

/* Begin PBXFileReference section */
		00C47F8646C6A60177F83218 /* libPods-Payee.a */ = {isa = PBXFileReference; explicitFileType = archive.ar; includeInIndex = 0; path = "libPods-Payee.a"; sourceTree = BUILT_PRODUCTS_DIR; };
		0E4C825AA3858F324E5BE612 /* Pods-Payee.release.xcconfig */ = {isa = PBXFileReference; includeInIndex = 1; lastKnownFileType = text.xcconfig; name = "Pods-Payee.release.xcconfig"; path = "Pods/Target Support Files/Pods-Payee/Pods-Payee.release.xcconfig"; sourceTree = "<group>"; };
		2C4BCEE42054974500F9E30F /* StatusDetailViewController.swift */ = {isa = PBXFileReference; lastKnownFileType = sourcecode.swift; path = StatusDetailViewController.swift; sourceTree = "<group>"; };
		2CE88B7C2050FF7C004CC735 /* StatusViewController.swift */ = {isa = PBXFileReference; fileEncoding = 4; lastKnownFileType = sourcecode.swift; path = StatusViewController.swift; sourceTree = "<group>"; };
		2CE88B7D2050FF7C004CC735 /* StatusTableViewCell.swift */ = {isa = PBXFileReference; fileEncoding = 4; lastKnownFileType = sourcecode.swift; path = StatusTableViewCell.swift; sourceTree = "<group>"; };
		2CE88B7E2050FF7C004CC735 /* AddItemViewController.swift */ = {isa = PBXFileReference; fileEncoding = 4; lastKnownFileType = sourcecode.swift; path = AddItemViewController.swift; sourceTree = "<group>"; };
		2CE88B7F2050FF7C004CC735 /* Main.storyboard */ = {isa = PBXFileReference; fileEncoding = 4; lastKnownFileType = file.storyboard; path = Main.storyboard; sourceTree = "<group>"; };
		2CE88B802050FF7C004CC735 /* ItemDetailViewController.swift */ = {isa = PBXFileReference; fileEncoding = 4; lastKnownFileType = sourcecode.swift; path = ItemDetailViewController.swift; sourceTree = "<group>"; };
		4A3BEAE328B9CE8F28AFD4D5 /* Pods-Payee.debug.xcconfig */ = {isa = PBXFileReference; includeInIndex = 1; lastKnownFileType = text.xcconfig; name = "Pods-Payee.debug.xcconfig"; path = "Pods/Target Support Files/Pods-Payee/Pods-Payee.debug.xcconfig"; sourceTree = "<group>"; };
		95316D4920534D79005DE892 /* Trip.h */ = {isa = PBXFileReference; lastKnownFileType = sourcecode.c.h; path = Trip.h; sourceTree = "<group>"; };
		95316D4A20534D79005DE892 /* Trip.m */ = {isa = PBXFileReference; lastKnownFileType = sourcecode.c.objc; path = Trip.m; sourceTree = "<group>"; };
		95316D4C20534DBA005DE892 /* Meal.h */ = {isa = PBXFileReference; lastKnownFileType = sourcecode.c.h; path = Meal.h; sourceTree = "<group>"; };
		95316D4D20534DBA005DE892 /* Meal.m */ = {isa = PBXFileReference; lastKnownFileType = sourcecode.c.objc; path = Meal.m; sourceTree = "<group>"; };
		95316D4F20534DEC005DE892 /* LedgerLine.h */ = {isa = PBXFileReference; lastKnownFileType = sourcecode.c.h; path = LedgerLine.h; sourceTree = "<group>"; };
		95316D5020534DEC005DE892 /* LedgerLine.m */ = {isa = PBXFileReference; lastKnownFileType = sourcecode.c.objc; path = LedgerLine.m; sourceTree = "<group>"; };
		958AFF612052042500BE686D /* DataModelTests.xctest */ = {isa = PBXFileReference; explicitFileType = wrapper.cfbundle; includeInIndex = 0; path = DataModelTests.xctest; sourceTree = BUILT_PRODUCTS_DIR; };
		958AFF632052042500BE686D /* DataModelTests.m */ = {isa = PBXFileReference; lastKnownFileType = sourcecode.c.objc; path = DataModelTests.m; sourceTree = "<group>"; };
		958AFF652052042500BE686D /* Info.plist */ = {isa = PBXFileReference; lastKnownFileType = text.plist.xml; path = Info.plist; sourceTree = "<group>"; };
		95920E902055D67400CF8ED2 /* CurrencyManager.h */ = {isa = PBXFileReference; lastKnownFileType = sourcecode.c.h; path = CurrencyManager.h; sourceTree = "<group>"; };
		95920E912055D67400CF8ED2 /* CurrencyManager.m */ = {isa = PBXFileReference; lastKnownFileType = sourcecode.c.objc; path = CurrencyManager.m; sourceTree = "<group>"; };
		95920E932055F26D00CF8ED2 /* ConversionRate.h */ = {isa = PBXFileReference; lastKnownFileType = sourcecode.c.h; path = ConversionRate.h; sourceTree = "<group>"; };
		95920E942055F26D00CF8ED2 /* ConversionRate.m */ = {isa = PBXFileReference; lastKnownFileType = sourcecode.c.objc; path = ConversionRate.m; sourceTree = "<group>"; };
		95B427D52050C67000BAC5F4 /* Payee-Bridging-Header.h */ = {isa = PBXFileReference; lastKnownFileType = sourcecode.c.h; path = "Payee-Bridging-Header.h"; sourceTree = "<group>"; };
		95B427D92050C67200BAC5F4 /* Buddy.m */ = {isa = PBXFileReference; fileEncoding = 4; lastKnownFileType = sourcecode.c.objc; path = Buddy.m; sourceTree = "<group>"; };
		95B427DB2050C67200BAC5F4 /* Buddy.h */ = {isa = PBXFileReference; fileEncoding = 4; lastKnownFileType = sourcecode.c.h; path = Buddy.h; sourceTree = "<group>"; };
		D8B8AD952056081B00FE9573 /* SettingsViewController.swift */ = {isa = PBXFileReference; lastKnownFileType = sourcecode.swift; path = SettingsViewController.swift; sourceTree = "<group>"; };
		D8BC727B20566C2400E63D08 /* CurrencyTableViewCell.swift */ = {isa = PBXFileReference; lastKnownFileType = sourcecode.swift; path = CurrencyTableViewCell.swift; sourceTree = "<group>"; };
		D8BC727D20566C4300E63D08 /* CurrencyTableViewController.swift */ = {isa = PBXFileReference; lastKnownFileType = sourcecode.swift; path = CurrencyTableViewController.swift; sourceTree = "<group>"; };
		D8C20FCA2050BDC400486D7C /* Payee.app */ = {isa = PBXFileReference; explicitFileType = wrapper.application; includeInIndex = 0; path = Payee.app; sourceTree = BUILT_PRODUCTS_DIR; };
		D8C20FCD2050BDC400486D7C /* AppDelegate.swift */ = {isa = PBXFileReference; lastKnownFileType = sourcecode.swift; path = AppDelegate.swift; sourceTree = "<group>"; };
		D8C20FD42050BDC400486D7C /* Assets.xcassets */ = {isa = PBXFileReference; lastKnownFileType = folder.assetcatalog; path = Assets.xcassets; sourceTree = "<group>"; };
		D8C20FD72050BDC400486D7C /* Base */ = {isa = PBXFileReference; lastKnownFileType = file.storyboard; name = Base; path = Base.lproj/LaunchScreen.storyboard; sourceTree = "<group>"; };
		D8C20FD92050BDC400486D7C /* Info.plist */ = {isa = PBXFileReference; lastKnownFileType = text.plist.xml; path = Info.plist; sourceTree = "<group>"; };
		D8E62F402050F4A6009C8468 /* TripManager.swift */ = {isa = PBXFileReference; fileEncoding = 4; lastKnownFileType = sourcecode.swift; path = TripManager.swift; sourceTree = "<group>"; };
/* End PBXFileReference section */

/* Begin PBXFrameworksBuildPhase section */
		958AFF5E2052042500BE686D /* Frameworks */ = {
			isa = PBXFrameworksBuildPhase;
			buildActionMask = 2147483647;
			files = (
			);
			runOnlyForDeploymentPostprocessing = 0;
		};
		D8C20FC72050BDC400486D7C /* Frameworks */ = {
			isa = PBXFrameworksBuildPhase;
			buildActionMask = 2147483647;
			files = (
				F4C71EB0FCC29AE7C67FE898 /* libPods-Payee.a in Frameworks */,
			);
			runOnlyForDeploymentPostprocessing = 0;
		};
/* End PBXFrameworksBuildPhase section */

/* Begin PBXGroup section */
		158439B494660717B0060ACA /* Pods */ = {
			isa = PBXGroup;
			children = (
				4A3BEAE328B9CE8F28AFD4D5 /* Pods-Payee.debug.xcconfig */,
				0E4C825AA3858F324E5BE612 /* Pods-Payee.release.xcconfig */,
			);
			name = Pods;
			sourceTree = "<group>";
		};
		6ECF97D32827DC9E61473666 /* Frameworks */ = {
			isa = PBXGroup;
			children = (
				00C47F8646C6A60177F83218 /* libPods-Payee.a */,
			);
			name = Frameworks;
			sourceTree = "<group>";
		};
		958AFF622052042500BE686D /* DataModelTests */ = {
			isa = PBXGroup;
			children = (
				958AFF632052042500BE686D /* DataModelTests.m */,
				958AFF652052042500BE686D /* Info.plist */,
			);
			path = DataModelTests;
			sourceTree = "<group>";
		};
		958AFF6C2052154000BE686D /* Recovered References */ = {
			isa = PBXGroup;
			children = (
			);
			name = "Recovered References";
			sourceTree = "<group>";
		};
		D8C20FC12050BDC400486D7C = {
			isa = PBXGroup;
			children = (
				95B427D52050C67000BAC5F4 /* Payee-Bridging-Header.h */,
				D8C20FCC2050BDC400486D7C /* Payee */,
				958AFF622052042500BE686D /* DataModelTests */,
				D8C20FCB2050BDC400486D7C /* Products */,
				958AFF6C2052154000BE686D /* Recovered References */,
				158439B494660717B0060ACA /* Pods */,
				6ECF97D32827DC9E61473666 /* Frameworks */,
			);
			sourceTree = "<group>";
		};
		D8C20FCB2050BDC400486D7C /* Products */ = {
			isa = PBXGroup;
			children = (
				D8C20FCA2050BDC400486D7C /* Payee.app */,
				958AFF612052042500BE686D /* DataModelTests.xctest */,
			);
			name = Products;
			sourceTree = "<group>";
		};
		D8C20FCC2050BDC400486D7C /* Payee */ = {
			isa = PBXGroup;
			children = (
				D8C20FCD2050BDC400486D7C /* AppDelegate.swift */,
				2CE88B7E2050FF7C004CC735 /* AddItemViewController.swift */,
				2CE88B802050FF7C004CC735 /* ItemDetailViewController.swift */,
				2CE88B7C2050FF7C004CC735 /* StatusViewController.swift */,
				2CE88B7D2050FF7C004CC735 /* StatusTableViewCell.swift */,
				2C4BCEE42054974500F9E30F /* StatusDetailViewController.swift */,
				2CE88B7F2050FF7C004CC735 /* Main.storyboard */,
				D8B8AD952056081B00FE9573 /* SettingsViewController.swift */,
				D8E62F402050F4A6009C8468 /* TripManager.swift */,
				95920E902055D67400CF8ED2 /* CurrencyManager.h */,
				95920E912055D67400CF8ED2 /* CurrencyManager.m */,
				95920E932055F26D00CF8ED2 /* ConversionRate.h */,
				95920E942055F26D00CF8ED2 /* ConversionRate.m */,
				95B427DB2050C67200BAC5F4 /* Buddy.h */,
				95B427D92050C67200BAC5F4 /* Buddy.m */,
				95316D4920534D79005DE892 /* Trip.h */,
				95316D4A20534D79005DE892 /* Trip.m */,
				95316D4C20534DBA005DE892 /* Meal.h */,
				95316D4D20534DBA005DE892 /* Meal.m */,
				95316D4F20534DEC005DE892 /* LedgerLine.h */,
				95316D5020534DEC005DE892 /* LedgerLine.m */,
				D8C20FD42050BDC400486D7C /* Assets.xcassets */,
				D8C20FD62050BDC400486D7C /* LaunchScreen.storyboard */,
				D8C20FD92050BDC400486D7C /* Info.plist */,
				D8BC727D20566C4300E63D08 /* CurrencyTableViewController.swift */,
				D8BC727B20566C2400E63D08 /* CurrencyTableViewCell.swift */,
			);
			path = Payee;
			sourceTree = "<group>";
		};
/* End PBXGroup section */

/* Begin PBXNativeTarget section */
		958AFF602052042500BE686D /* DataModelTests */ = {
			isa = PBXNativeTarget;
			buildConfigurationList = 958AFF682052042500BE686D /* Build configuration list for PBXNativeTarget "DataModelTests" */;
			buildPhases = (
				958AFF5D2052042500BE686D /* Sources */,
				958AFF5E2052042500BE686D /* Frameworks */,
				958AFF5F2052042500BE686D /* Resources */,
			);
			buildRules = (
			);
			dependencies = (
				958AFF672052042500BE686D /* PBXTargetDependency */,
			);
			name = DataModelTests;
			productName = DataModelTests;
			productReference = 958AFF612052042500BE686D /* DataModelTests.xctest */;
			productType = "com.apple.product-type.bundle.unit-test";
		};
		D8C20FC92050BDC400486D7C /* Payee */ = {
			isa = PBXNativeTarget;
			buildConfigurationList = D8C20FDC2050BDC400486D7C /* Build configuration list for PBXNativeTarget "Payee" */;
			buildPhases = (
				931657D4A35646825610CD34 /* [CP] Check Pods Manifest.lock */,
				D8C20FC62050BDC400486D7C /* Sources */,
				D8C20FC72050BDC400486D7C /* Frameworks */,
				D8C20FC82050BDC400486D7C /* Resources */,
				7C073990889FA9D72B9651C4 /* [CP] Embed Pods Frameworks */,
				DD9DD9655BC6A6C3DAA5023C /* [CP] Copy Pods Resources */,
			);
			buildRules = (
			);
			dependencies = (
			);
			name = Payee;
			productName = Payee;
			productReference = D8C20FCA2050BDC400486D7C /* Payee.app */;
			productType = "com.apple.product-type.application";
		};
/* End PBXNativeTarget section */

/* Begin PBXProject section */
		D8C20FC22050BDC400486D7C /* Project object */ = {
			isa = PBXProject;
			attributes = {
				LastSwiftUpdateCheck = 0920;
				LastUpgradeCheck = 0920;
				ORGANIZATIONNAME = "Nathan Hsu";
				TargetAttributes = {
					958AFF602052042500BE686D = {
						CreatedOnToolsVersion = 9.2;
						ProvisioningStyle = Automatic;
						TestTargetID = D8C20FC92050BDC400486D7C;
					};
					D8C20FC92050BDC400486D7C = {
						CreatedOnToolsVersion = 9.2;
						LastSwiftMigration = 0920;
						ProvisioningStyle = Automatic;
					};
				};
			};
			buildConfigurationList = D8C20FC52050BDC400486D7C /* Build configuration list for PBXProject "Payee" */;
			compatibilityVersion = "Xcode 8.0";
			developmentRegion = en;
			hasScannedForEncodings = 0;
			knownRegions = (
				en,
				Base,
			);
			mainGroup = D8C20FC12050BDC400486D7C;
			productRefGroup = D8C20FCB2050BDC400486D7C /* Products */;
			projectDirPath = "";
			projectRoot = "";
			targets = (
				D8C20FC92050BDC400486D7C /* Payee */,
				958AFF602052042500BE686D /* DataModelTests */,
			);
		};
/* End PBXProject section */

/* Begin PBXResourcesBuildPhase section */
		958AFF5F2052042500BE686D /* Resources */ = {
			isa = PBXResourcesBuildPhase;
			buildActionMask = 2147483647;
			files = (
			);
			runOnlyForDeploymentPostprocessing = 0;
		};
		D8C20FC82050BDC400486D7C /* Resources */ = {
			isa = PBXResourcesBuildPhase;
			buildActionMask = 2147483647;
			files = (
				D8C20FD82050BDC400486D7C /* LaunchScreen.storyboard in Resources */,
				D8C20FD52050BDC400486D7C /* Assets.xcassets in Resources */,
				2CE88B842050FF7C004CC735 /* Main.storyboard in Resources */,
			);
			runOnlyForDeploymentPostprocessing = 0;
		};
/* End PBXResourcesBuildPhase section */

/* Begin PBXShellScriptBuildPhase section */
		7C073990889FA9D72B9651C4 /* [CP] Embed Pods Frameworks */ = {
			isa = PBXShellScriptBuildPhase;
			buildActionMask = 2147483647;
			files = (
			);
			inputPaths = (
			);
			name = "[CP] Embed Pods Frameworks";
			outputPaths = (
			);
			runOnlyForDeploymentPostprocessing = 0;
			shellPath = /bin/sh;
			shellScript = "\"${SRCROOT}/Pods/Target Support Files/Pods-Payee/Pods-Payee-frameworks.sh\"\n";
			showEnvVarsInLog = 0;
		};
		931657D4A35646825610CD34 /* [CP] Check Pods Manifest.lock */ = {
			isa = PBXShellScriptBuildPhase;
			buildActionMask = 2147483647;
			files = (
			);
			inputPaths = (
				"${PODS_PODFILE_DIR_PATH}/Podfile.lock",
				"${PODS_ROOT}/Manifest.lock",
			);
			name = "[CP] Check Pods Manifest.lock";
			outputPaths = (
				"$(DERIVED_FILE_DIR)/Pods-Payee-checkManifestLockResult.txt",
			);
			runOnlyForDeploymentPostprocessing = 0;
			shellPath = /bin/sh;
			shellScript = "diff \"${PODS_PODFILE_DIR_PATH}/Podfile.lock\" \"${PODS_ROOT}/Manifest.lock\" > /dev/null\nif [ $? != 0 ] ; then\n    # print error to STDERR\n    echo \"error: The sandbox is not in sync with the Podfile.lock. Run 'pod install' or update your CocoaPods installation.\" >&2\n    exit 1\nfi\n# This output is used by Xcode 'outputs' to avoid re-running this script phase.\necho \"SUCCESS\" > \"${SCRIPT_OUTPUT_FILE_0}\"\n";
			showEnvVarsInLog = 0;
		};
		DD9DD9655BC6A6C3DAA5023C /* [CP] Copy Pods Resources */ = {
			isa = PBXShellScriptBuildPhase;
			buildActionMask = 2147483647;
			files = (
			);
			inputPaths = (
			);
			name = "[CP] Copy Pods Resources";
			outputPaths = (
			);
			runOnlyForDeploymentPostprocessing = 0;
			shellPath = /bin/sh;
			shellScript = "\"${SRCROOT}/Pods/Target Support Files/Pods-Payee/Pods-Payee-resources.sh\"\n";
			showEnvVarsInLog = 0;
		};
/* End PBXShellScriptBuildPhase section */

/* Begin PBXSourcesBuildPhase section */
		958AFF5D2052042500BE686D /* Sources */ = {
			isa = PBXSourcesBuildPhase;
			buildActionMask = 2147483647;
			files = (
				958AFF642052042500BE686D /* DataModelTests.m in Sources */,
			);
			runOnlyForDeploymentPostprocessing = 0;
		};
		D8C20FC62050BDC400486D7C /* Sources */ = {
			isa = PBXSourcesBuildPhase;
			buildActionMask = 2147483647;
			files = (
				95316D4B20534D79005DE892 /* Trip.m in Sources */,
				95316D4E20534DBA005DE892 /* Meal.m in Sources */,
				95920E922055D67400CF8ED2 /* CurrencyManager.m in Sources */,
				95316D5120534DEC005DE892 /* LedgerLine.m in Sources */,
				2C4BCEE52054974500F9E30F /* StatusDetailViewController.swift in Sources */,
				2CE88B852050FF7C004CC735 /* ItemDetailViewController.swift in Sources */,
				2CE88B812050FF7C004CC735 /* StatusViewController.swift in Sources */,
				2CE88B822050FF7C004CC735 /* StatusTableViewCell.swift in Sources */,
				95920E952055F26D00CF8ED2 /* ConversionRate.m in Sources */,
				D8E62F412050F4A6009C8468 /* TripManager.swift in Sources */,
				D8BC727E20566C4300E63D08 /* CurrencyTableViewController.swift in Sources */,
				2CE88B832050FF7C004CC735 /* AddItemViewController.swift in Sources */,
				95B427DE2050C67300BAC5F4 /* Buddy.m in Sources */,
				D8C20FCE2050BDC400486D7C /* AppDelegate.swift in Sources */,
				D8BC727C20566C2400E63D08 /* CurrencyTableViewCell.swift in Sources */,
				D8B8AD962056081B00FE9573 /* SettingsViewController.swift in Sources */,
			);
			runOnlyForDeploymentPostprocessing = 0;
		};
/* End PBXSourcesBuildPhase section */

/* Begin PBXTargetDependency section */
		958AFF672052042500BE686D /* PBXTargetDependency */ = {
			isa = PBXTargetDependency;
			target = D8C20FC92050BDC400486D7C /* Payee */;
			targetProxy = 958AFF662052042500BE686D /* PBXContainerItemProxy */;
		};
/* End PBXTargetDependency section */

/* Begin PBXVariantGroup section */
		D8C20FD62050BDC400486D7C /* LaunchScreen.storyboard */ = {
			isa = PBXVariantGroup;
			children = (
				D8C20FD72050BDC400486D7C /* Base */,
			);
			name = LaunchScreen.storyboard;
			sourceTree = "<group>";
		};
/* End PBXVariantGroup section */

/* Begin XCBuildConfiguration section */
		958AFF692052042500BE686D /* Debug */ = {
			isa = XCBuildConfiguration;
			buildSettings = {
				ALWAYS_EMBED_SWIFT_STANDARD_LIBRARIES = YES;
				BUNDLE_LOADER = "$(TEST_HOST)";
				CODE_SIGN_STYLE = Automatic;
				DEVELOPMENT_TEAM = 4V94RGV9SC;
				INFOPLIST_FILE = DataModelTests/Info.plist;
				LD_RUNPATH_SEARCH_PATHS = "$(inherited) @executable_path/Frameworks @loader_path/Frameworks";
				PRODUCT_BUNDLE_IDENTIFIER = celoranta.DataModelTests;
				PRODUCT_NAME = "$(TARGET_NAME)";
				TARGETED_DEVICE_FAMILY = "1,2";
				TEST_HOST = "$(BUILT_PRODUCTS_DIR)/Payee.app/Payee";
			};
			name = Debug;
		};
		958AFF6A2052042500BE686D /* Release */ = {
			isa = XCBuildConfiguration;
			buildSettings = {
				ALWAYS_EMBED_SWIFT_STANDARD_LIBRARIES = YES;
				BUNDLE_LOADER = "$(TEST_HOST)";
				CODE_SIGN_STYLE = Automatic;
				DEVELOPMENT_TEAM = 4V94RGV9SC;
				INFOPLIST_FILE = DataModelTests/Info.plist;
				LD_RUNPATH_SEARCH_PATHS = "$(inherited) @executable_path/Frameworks @loader_path/Frameworks";
				PRODUCT_BUNDLE_IDENTIFIER = celoranta.DataModelTests;
				PRODUCT_NAME = "$(TARGET_NAME)";
				TARGETED_DEVICE_FAMILY = "1,2";
				TEST_HOST = "$(BUILT_PRODUCTS_DIR)/Payee.app/Payee";
			};
			name = Release;
		};
		D8C20FDA2050BDC400486D7C /* Debug */ = {
			isa = XCBuildConfiguration;
			buildSettings = {
				ALWAYS_SEARCH_USER_PATHS = NO;
				CLANG_ANALYZER_NONNULL = YES;
				CLANG_ANALYZER_NUMBER_OBJECT_CONVERSION = YES_AGGRESSIVE;
				CLANG_CXX_LANGUAGE_STANDARD = "gnu++14";
				CLANG_CXX_LIBRARY = "libc++";
				CLANG_ENABLE_MODULES = YES;
				CLANG_ENABLE_OBJC_ARC = YES;
				CLANG_WARN_BLOCK_CAPTURE_AUTORELEASING = YES;
				CLANG_WARN_BOOL_CONVERSION = YES;
				CLANG_WARN_COMMA = YES;
				CLANG_WARN_CONSTANT_CONVERSION = YES;
				CLANG_WARN_DIRECT_OBJC_ISA_USAGE = YES_ERROR;
				CLANG_WARN_DOCUMENTATION_COMMENTS = YES;
				CLANG_WARN_EMPTY_BODY = YES;
				CLANG_WARN_ENUM_CONVERSION = YES;
				CLANG_WARN_INFINITE_RECURSION = YES;
				CLANG_WARN_INT_CONVERSION = YES;
				CLANG_WARN_NON_LITERAL_NULL_CONVERSION = YES;
				CLANG_WARN_OBJC_LITERAL_CONVERSION = YES;
				CLANG_WARN_OBJC_ROOT_CLASS = YES_ERROR;
				CLANG_WARN_RANGE_LOOP_ANALYSIS = YES;
				CLANG_WARN_STRICT_PROTOTYPES = YES;
				CLANG_WARN_SUSPICIOUS_MOVE = YES;
				CLANG_WARN_UNGUARDED_AVAILABILITY = YES_AGGRESSIVE;
				CLANG_WARN_UNREACHABLE_CODE = YES;
				CLANG_WARN__DUPLICATE_METHOD_MATCH = YES;
				CODE_SIGN_IDENTITY = "iPhone Developer";
				COPY_PHASE_STRIP = NO;
				DEBUG_INFORMATION_FORMAT = dwarf;
				ENABLE_STRICT_OBJC_MSGSEND = YES;
				ENABLE_TESTABILITY = YES;
				FRAMEWORK_SEARCH_PATHS = "$(SRCROOT)";
				GCC_C_LANGUAGE_STANDARD = gnu11;
				GCC_DYNAMIC_NO_PIC = NO;
				GCC_NO_COMMON_BLOCKS = YES;
				GCC_OPTIMIZATION_LEVEL = 0;
				GCC_PREPROCESSOR_DEFINITIONS = (
					"DEBUG=1",
					"$(inherited)",
				);
				GCC_WARN_64_TO_32_BIT_CONVERSION = YES;
				GCC_WARN_ABOUT_RETURN_TYPE = YES_ERROR;
				GCC_WARN_UNDECLARED_SELECTOR = YES;
				GCC_WARN_UNINITIALIZED_AUTOS = YES_AGGRESSIVE;
				GCC_WARN_UNUSED_FUNCTION = YES;
				GCC_WARN_UNUSED_VARIABLE = YES;
				IPHONEOS_DEPLOYMENT_TARGET = 11.2;
				MTL_ENABLE_DEBUG_INFO = YES;
				ONLY_ACTIVE_ARCH = YES;
				SDKROOT = iphoneos;
				SWIFT_ACTIVE_COMPILATION_CONDITIONS = DEBUG;
				SWIFT_OPTIMIZATION_LEVEL = "-Onone";
			};
			name = Debug;
		};
		D8C20FDB2050BDC400486D7C /* Release */ = {
			isa = XCBuildConfiguration;
			buildSettings = {
				ALWAYS_SEARCH_USER_PATHS = NO;
				CLANG_ANALYZER_NONNULL = YES;
				CLANG_ANALYZER_NUMBER_OBJECT_CONVERSION = YES_AGGRESSIVE;
				CLANG_CXX_LANGUAGE_STANDARD = "gnu++14";
				CLANG_CXX_LIBRARY = "libc++";
				CLANG_ENABLE_MODULES = YES;
				CLANG_ENABLE_OBJC_ARC = YES;
				CLANG_WARN_BLOCK_CAPTURE_AUTORELEASING = YES;
				CLANG_WARN_BOOL_CONVERSION = YES;
				CLANG_WARN_COMMA = YES;
				CLANG_WARN_CONSTANT_CONVERSION = YES;
				CLANG_WARN_DIRECT_OBJC_ISA_USAGE = YES_ERROR;
				CLANG_WARN_DOCUMENTATION_COMMENTS = YES;
				CLANG_WARN_EMPTY_BODY = YES;
				CLANG_WARN_ENUM_CONVERSION = YES;
				CLANG_WARN_INFINITE_RECURSION = YES;
				CLANG_WARN_INT_CONVERSION = YES;
				CLANG_WARN_NON_LITERAL_NULL_CONVERSION = YES;
				CLANG_WARN_OBJC_LITERAL_CONVERSION = YES;
				CLANG_WARN_OBJC_ROOT_CLASS = YES_ERROR;
				CLANG_WARN_RANGE_LOOP_ANALYSIS = YES;
				CLANG_WARN_STRICT_PROTOTYPES = YES;
				CLANG_WARN_SUSPICIOUS_MOVE = YES;
				CLANG_WARN_UNGUARDED_AVAILABILITY = YES_AGGRESSIVE;
				CLANG_WARN_UNREACHABLE_CODE = YES;
				CLANG_WARN__DUPLICATE_METHOD_MATCH = YES;
				CODE_SIGN_IDENTITY = "iPhone Developer";
				COPY_PHASE_STRIP = NO;
				DEBUG_INFORMATION_FORMAT = "dwarf-with-dsym";
				ENABLE_NS_ASSERTIONS = NO;
				ENABLE_STRICT_OBJC_MSGSEND = YES;
				FRAMEWORK_SEARCH_PATHS = "$(SRCROOT)";
				GCC_C_LANGUAGE_STANDARD = gnu11;
				GCC_NO_COMMON_BLOCKS = YES;
				GCC_WARN_64_TO_32_BIT_CONVERSION = YES;
				GCC_WARN_ABOUT_RETURN_TYPE = YES_ERROR;
				GCC_WARN_UNDECLARED_SELECTOR = YES;
				GCC_WARN_UNINITIALIZED_AUTOS = YES_AGGRESSIVE;
				GCC_WARN_UNUSED_FUNCTION = YES;
				GCC_WARN_UNUSED_VARIABLE = YES;
				IPHONEOS_DEPLOYMENT_TARGET = 11.2;
				MTL_ENABLE_DEBUG_INFO = NO;
				SDKROOT = iphoneos;
				SWIFT_OPTIMIZATION_LEVEL = "-Owholemodule";
				VALIDATE_PRODUCT = YES;
			};
			name = Release;
		};
		D8C20FDD2050BDC400486D7C /* Debug */ = {
			isa = XCBuildConfiguration;
			baseConfigurationReference = 4A3BEAE328B9CE8F28AFD4D5 /* Pods-Payee.debug.xcconfig */;
			buildSettings = {
				ASSETCATALOG_COMPILER_APPICON_NAME = AppIcon;
				CLANG_ENABLE_MODULES = YES;
				CODE_SIGN_STYLE = Automatic;
				DEVELOPMENT_TEAM = 34PVCRW63B;
				INFOPLIST_FILE = Payee/Info.plist;
				LD_RUNPATH_SEARCH_PATHS = "$(inherited) @executable_path/Frameworks";
				PRODUCT_BUNDLE_IDENTIFIER = Hsunami.Payee;
				PRODUCT_NAME = "$(TARGET_NAME)";
				SWIFT_OBJC_BRIDGING_HEADER = "Payee-Bridging-Header.h";
				SWIFT_OPTIMIZATION_LEVEL = "-Onone";
				SWIFT_VERSION = 4.0;
				TARGETED_DEVICE_FAMILY = "1,2";
			};
			name = Debug;
		};
		D8C20FDE2050BDC400486D7C /* Release */ = {
			isa = XCBuildConfiguration;
			baseConfigurationReference = 0E4C825AA3858F324E5BE612 /* Pods-Payee.release.xcconfig */;
			buildSettings = {
				ASSETCATALOG_COMPILER_APPICON_NAME = AppIcon;
				CLANG_ENABLE_MODULES = YES;
				CODE_SIGN_STYLE = Automatic;
				DEVELOPMENT_TEAM = 34PVCRW63B;
				INFOPLIST_FILE = Payee/Info.plist;
				LD_RUNPATH_SEARCH_PATHS = "$(inherited) @executable_path/Frameworks";
				PRODUCT_BUNDLE_IDENTIFIER = Hsunami.Payee;
				PRODUCT_NAME = "$(TARGET_NAME)";
				SWIFT_OBJC_BRIDGING_HEADER = "Payee-Bridging-Header.h";
				SWIFT_VERSION = 4.0;
				TARGETED_DEVICE_FAMILY = "1,2";
			};
			name = Release;
		};
/* End XCBuildConfiguration section */

/* Begin XCConfigurationList section */
		958AFF682052042500BE686D /* Build configuration list for PBXNativeTarget "DataModelTests" */ = {
			isa = XCConfigurationList;
			buildConfigurations = (
				958AFF692052042500BE686D /* Debug */,
				958AFF6A2052042500BE686D /* Release */,
			);
			defaultConfigurationIsVisible = 0;
			defaultConfigurationName = Release;
		};
		D8C20FC52050BDC400486D7C /* Build configuration list for PBXProject "Payee" */ = {
			isa = XCConfigurationList;
			buildConfigurations = (
				D8C20FDA2050BDC400486D7C /* Debug */,
				D8C20FDB2050BDC400486D7C /* Release */,
			);
			defaultConfigurationIsVisible = 0;
			defaultConfigurationName = Release;
		};
		D8C20FDC2050BDC400486D7C /* Build configuration list for PBXNativeTarget "Payee" */ = {
			isa = XCConfigurationList;
			buildConfigurations = (
				D8C20FDD2050BDC400486D7C /* Debug */,
				D8C20FDE2050BDC400486D7C /* Release */,
			);
			defaultConfigurationIsVisible = 0;
			defaultConfigurationName = Release;
		};
/* End XCConfigurationList section */
	};
	rootObject = D8C20FC22050BDC400486D7C /* Project object */;
}
